
Microsoft Visual Studio Solution File, Format Version 12.00
# Visual Studio Version 17
VisualStudioVersion = 17.8.34525.116
MinimumVisualStudioVersion = 10.0.40219.1
Project("{54A90642-561A-4BB1-A94E-469ADEE60C69}") = "dynacoin.client", "dynacoin.client\dynacoin.client.esproj", "{300F443D-0F94-49E1-A8E8-CEAF39771109}"
EndProject
Project("{9A19103F-16F7-4668-BE54-9A1E7A4F7556}") = "Dynacoin.Web.API", "Dynacoin.Server\Dynacoin.Web.API\Dynacoin.Web.API.csproj", "{4F7B7A4F-F7CF-4AD8-AB21-2B1332404557}"
EndProject
Project("{9A19103F-16F7-4668-BE54-9A1E7A4F7556}") = "Dynacoin.Domain", "Dynacoin.Server\Dynacoin.Domain\Dynacoin.Domain.csproj", "{A767EF77-B954-4122-881F-E740BC512DDF}"
EndProject
Project("{9A19103F-16F7-4668-BE54-9A1E7A4F7556}") = "Dynacoin.Services", "Dynacoin.Server\Dynacoin.Services\Dynacoin.Services.csproj", "{07AA0F7A-23A1-40AF-A420-573D8E6FE8E5}"
EndProject
Project("{9A19103F-16F7-4668-BE54-9A1E7A4F7556}") = "Dynacoin.Coinlore.Sdk", "Dynacoin.Server\Dynacoin.Coinlore.Sdk\Dynacoin.Coinlore.Sdk.csproj", "{1E72470C-F348-450C-9B34-D0BB1975B769}"
EndProject
Project("{2150E333-8FDC-42A3-9474-1A3956D46DE8}") = "Tests", "Tests", "{C8C1E5C7-6BED-4ED8-AF2C-BBA1D9E1A106}"
EndProject
Project("{9A19103F-16F7-4668-BE54-9A1E7A4F7556}") = "Dynacoin.Services.UnitTests", "Dynacoin.Server\Dynacoin.Services.UnitTests\Dynacoin.Services.UnitTests.csproj", "{3B7AEC57-F9F6-4F2C-BBE4-3B2A3F00062C}"
EndProject
Project("{2150E333-8FDC-42A3-9474-1A3956D46DE8}") = "Solution Items", "Solution Items", "{76F8DDEC-03C1-4EB3-B008-98B8A29AB627}"
	ProjectSection(SolutionItems) = preProject
		README.md = README.md
	EndProjectSection
EndProject
Global
	GlobalSection(SolutionConfigurationPlatforms) = preSolution
		Debug|Any CPU = Debug|Any CPU
		Release|Any CPU = Release|Any CPU
	EndGlobalSection
	GlobalSection(ProjectConfigurationPlatforms) = postSolution
		{300F443D-0F94-49E1-A8E8-CEAF39771109}.Debug|Any CPU.ActiveCfg = Debug|Any CPU
		{300F443D-0F94-49E1-A8E8-CEAF39771109}.Debug|Any CPU.Build.0 = Debug|Any CPU
		{300F443D-0F94-49E1-A8E8-CEAF39771109}.Debug|Any CPU.Deploy.0 = Debug|Any CPU
		{300F443D-0F94-49E1-A8E8-CEAF39771109}.Release|Any CPU.ActiveCfg = Release|Any CPU
		{300F443D-0F94-49E1-A8E8-CEAF39771109}.Release|Any CPU.Build.0 = Release|Any CPU
		{300F443D-0F94-49E1-A8E8-CEAF39771109}.Release|Any CPU.Deploy.0 = Release|Any CPU
		{4F7B7A4F-F7CF-4AD8-AB21-2B1332404557}.Debug|Any CPU.ActiveCfg = Debug|Any CPU
		{4F7B7A4F-F7CF-4AD8-AB21-2B1332404557}.Debug|Any CPU.Build.0 = Debug|Any CPU
		{4F7B7A4F-F7CF-4AD8-AB21-2B1332404557}.Release|Any CPU.ActiveCfg = Release|Any CPU
		{4F7B7A4F-F7CF-4AD8-AB21-2B1332404557}.Release|Any CPU.Build.0 = Release|Any CPU
		{A767EF77-B954-4122-881F-E740BC512DDF}.Debug|Any CPU.ActiveCfg = Debug|Any CPU
		{A767EF77-B954-4122-881F-E740BC512DDF}.Debug|Any CPU.Build.0 = Debug|Any CPU
		{A767EF77-B954-4122-881F-E740BC512DDF}.Release|Any CPU.ActiveCfg = Release|Any CPU
		{A767EF77-B954-4122-881F-E740BC512DDF}.Release|Any CPU.Build.0 = Release|Any CPU
		{07AA0F7A-23A1-40AF-A420-573D8E6FE8E5}.Debug|Any CPU.ActiveCfg = Debug|Any CPU
		{07AA0F7A-23A1-40AF-A420-573D8E6FE8E5}.Debug|Any CPU.Build.0 = Debug|Any CPU
		{07AA0F7A-23A1-40AF-A420-573D8E6FE8E5}.Release|Any CPU.ActiveCfg = Release|Any CPU
		{07AA0F7A-23A1-40AF-A420-573D8E6FE8E5}.Release|Any CPU.Build.0 = Release|Any CPU
		{1E72470C-F348-450C-9B34-D0BB1975B769}.Debug|Any CPU.ActiveCfg = Debug|Any CPU
		{1E72470C-F348-450C-9B34-D0BB1975B769}.Debug|Any CPU.Build.0 = Debug|Any CPU
		{1E72470C-F348-450C-9B34-D0BB1975B769}.Release|Any CPU.ActiveCfg = Release|Any CPU
		{1E72470C-F348-450C-9B34-D0BB1975B769}.Release|Any CPU.Build.0 = Release|Any CPU
		{3B7AEC57-F9F6-4F2C-BBE4-3B2A3F00062C}.Debug|Any CPU.ActiveCfg = Debug|Any CPU
		{3B7AEC57-F9F6-4F2C-BBE4-3B2A3F00062C}.Debug|Any CPU.Build.0 = Debug|Any CPU
		{3B7AEC57-F9F6-4F2C-BBE4-3B2A3F00062C}.Release|Any CPU.ActiveCfg = Release|Any CPU
		{3B7AEC57-F9F6-4F2C-BBE4-3B2A3F00062C}.Release|Any CPU.Build.0 = Release|Any CPU
	EndGlobalSection
	GlobalSection(SolutionProperties) = preSolution
		HideSolutionNode = FALSE
	EndGlobalSection
	GlobalSection(NestedProjects) = preSolution
		{3B7AEC57-F9F6-4F2C-BBE4-3B2A3F00062C} = {C8C1E5C7-6BED-4ED8-AF2C-BBA1D9E1A106}
	EndGlobalSection
	GlobalSection(ExtensibilityGlobals) = postSolution
		SolutionGuid = {E28C1A64-3EA8-4EFF-BA08-F8C96FC4DE5B}
	EndGlobalSection
EndGlobal
